
Microsoft Visual Studio Solution File, Format Version 12.00
# Visual Studio 2012
Project("{FAE04EC0-301F-11D3-BF4B-00C04F79EFBC}") = "TechnoDrugs", "TechnoDrugs\TechnoDrugs.csproj", "{A8BF7642-9588-429B-B792-7EDBD8626697}"
EndProject
Project("{2150E333-8FDC-42A3-9474-1A3956D46DE8}") = "Libraries", "Libraries", "{9EF7CAE0-FFF2-47FA-9276-7E132B3096A4}"
EndProject
Project("{FAE04EC0-301F-11D3-BF4B-00C04F79EFBC}") = "BaseModule", "BaseModule\BaseModule.csproj", "{051E3372-CD11-40BA-A6C9-ADDFA1661873}"
EndProject
Project("{FAE04EC0-301F-11D3-BF4B-00C04F79EFBC}") = "SecurityModule", "SecurityModule\SecurityModule.csproj", "{3ED44A6D-94DF-425A-B84B-E968C133AFC0}"
EndProject
Project("{FAE04EC0-301F-11D3-BF4B-00C04F79EFBC}") = "SetupModule", "SetupModule\SetupModule.csproj", "{047FA1AE-AA83-4AD8-BC34-F502AC123CA2}"
EndProject
Project("{FAE04EC0-301F-11D3-BF4B-00C04F79EFBC}") = "PurchaseModule", "Purchase\PurchaseModule.csproj", "{1187A97E-4BC9-4C82-85DC-5790B018FA48}"
EndProject
Project("{FAE04EC0-301F-11D3-BF4B-00C04F79EFBC}") = "ProductionModule", "Production\ProductionModule.csproj", "{2F2CC172-BDE7-49DE-9668-23F2ED166D21}"
EndProject
Project("{FAE04EC0-301F-11D3-BF4B-00C04F79EFBC}") = "TechnodrugsModule", "TechnodrugsModule\TechnodrugsModule.csproj", "{18F39BA8-BAA4-4643-BB72-74AEB8E20892}"
EndProject
Project("{FAE04EC0-301F-11D3-BF4B-00C04F79EFBC}") = "InventoryModule", "InventoryModule\InventoryModule.csproj", "{7421BFC7-D02A-47CD-AA3B-B1A4981F93A7}"
EndProject
Global
	GlobalSection(SolutionConfigurationPlatforms) = preSolution
		Debug|Any CPU = Debug|Any CPU
		Release|Any CPU = Release|Any CPU
	EndGlobalSection
	GlobalSection(ProjectConfigurationPlatforms) = postSolution
		{A8BF7642-9588-429B-B792-7EDBD8626697}.Debug|Any CPU.ActiveCfg = Debug|Any CPU
		{A8BF7642-9588-429B-B792-7EDBD8626697}.Debug|Any CPU.Build.0 = Debug|Any CPU
		{A8BF7642-9588-429B-B792-7EDBD8626697}.Release|Any CPU.ActiveCfg = Release|Any CPU
		{A8BF7642-9588-429B-B792-7EDBD8626697}.Release|Any CPU.Build.0 = Release|Any CPU
		{051E3372-CD11-40BA-A6C9-ADDFA1661873}.Debug|Any CPU.ActiveCfg = Debug|Any CPU
		{051E3372-CD11-40BA-A6C9-ADDFA1661873}.Debug|Any CPU.Build.0 = Debug|Any CPU
		{051E3372-CD11-40BA-A6C9-ADDFA1661873}.Release|Any CPU.ActiveCfg = Release|Any CPU
		{051E3372-CD11-40BA-A6C9-ADDFA1661873}.Release|Any CPU.Build.0 = Release|Any CPU
		{3ED44A6D-94DF-425A-B84B-E968C133AFC0}.Debug|Any CPU.ActiveCfg = Debug|Any CPU
		{3ED44A6D-94DF-425A-B84B-E968C133AFC0}.Debug|Any CPU.Build.0 = Debug|Any CPU
		{3ED44A6D-94DF-425A-B84B-E968C133AFC0}.Release|Any CPU.ActiveCfg = Release|Any CPU
		{3ED44A6D-94DF-425A-B84B-E968C133AFC0}.Release|Any CPU.Build.0 = Release|Any CPU
		{047FA1AE-AA83-4AD8-BC34-F502AC123CA2}.Debug|Any CPU.ActiveCfg = Debug|Any CPU
		{047FA1AE-AA83-4AD8-BC34-F502AC123CA2}.Debug|Any CPU.Build.0 = Debug|Any CPU
		{047FA1AE-AA83-4AD8-BC34-F502AC123CA2}.Release|Any CPU.ActiveCfg = Release|Any CPU
		{047FA1AE-AA83-4AD8-BC34-F502AC123CA2}.Release|Any CPU.Build.0 = Release|Any CPU
		{1187A97E-4BC9-4C82-85DC-5790B018FA48}.Debug|Any CPU.ActiveCfg = Debug|Any CPU
		{1187A97E-4BC9-4C82-85DC-5790B018FA48}.Debug|Any CPU.Build.0 = Debug|Any CPU
		{1187A97E-4BC9-4C82-85DC-5790B018FA48}.Release|Any CPU.ActiveCfg = Release|Any CPU
		{1187A97E-4BC9-4C82-85DC-5790B018FA48}.Release|Any CPU.Build.0 = Release|Any CPU
		{2F2CC172-BDE7-49DE-9668-23F2ED166D21}.Debug|Any CPU.ActiveCfg = Debug|Any CPU
		{2F2CC172-BDE7-49DE-9668-23F2ED166D21}.Debug|Any CPU.Build.0 = Debug|Any CPU
		{2F2CC172-BDE7-49DE-9668-23F2ED166D21}.Release|Any CPU.ActiveCfg = Release|Any CPU
		{2F2CC172-BDE7-49DE-9668-23F2ED166D21}.Release|Any CPU.Build.0 = Release|Any CPU
		{18F39BA8-BAA4-4643-BB72-74AEB8E20892}.Debug|Any CPU.ActiveCfg = Debug|Any CPU
		{18F39BA8-BAA4-4643-BB72-74AEB8E20892}.Debug|Any CPU.Build.0 = Debug|Any CPU
		{18F39BA8-BAA4-4643-BB72-74AEB8E20892}.Release|Any CPU.ActiveCfg = Release|Any CPU
		{18F39BA8-BAA4-4643-BB72-74AEB8E20892}.Release|Any CPU.Build.0 = Release|Any CPU
		{7421BFC7-D02A-47CD-AA3B-B1A4981F93A7}.Debug|Any CPU.ActiveCfg = Debug|Any CPU
		{7421BFC7-D02A-47CD-AA3B-B1A4981F93A7}.Debug|Any CPU.Build.0 = Debug|Any CPU
		{7421BFC7-D02A-47CD-AA3B-B1A4981F93A7}.Release|Any CPU.ActiveCfg = Release|Any CPU
		{7421BFC7-D02A-47CD-AA3B-B1A4981F93A7}.Release|Any CPU.Build.0 = Release|Any CPU
	EndGlobalSection
	GlobalSection(SolutionProperties) = preSolution
		HideSolutionNode = FALSE
	EndGlobalSection
	GlobalSection(NestedProjects) = preSolution
		{051E3372-CD11-40BA-A6C9-ADDFA1661873} = {9EF7CAE0-FFF2-47FA-9276-7E132B3096A4}
		{3ED44A6D-94DF-425A-B84B-E968C133AFC0} = {9EF7CAE0-FFF2-47FA-9276-7E132B3096A4}
		{047FA1AE-AA83-4AD8-BC34-F502AC123CA2} = {9EF7CAE0-FFF2-47FA-9276-7E132B3096A4}
		{1187A97E-4BC9-4C82-85DC-5790B018FA48} = {9EF7CAE0-FFF2-47FA-9276-7E132B3096A4}
		{2F2CC172-BDE7-49DE-9668-23F2ED166D21} = {9EF7CAE0-FFF2-47FA-9276-7E132B3096A4}
		{18F39BA8-BAA4-4643-BB72-74AEB8E20892} = {9EF7CAE0-FFF2-47FA-9276-7E132B3096A4}
		{7421BFC7-D02A-47CD-AA3B-B1A4981F93A7} = {9EF7CAE0-FFF2-47FA-9276-7E132B3096A4}
	EndGlobalSection
EndGlobal
